
Microsoft Visual Studio Solution File, Format Version 12.00
# Visual Studio 15
Project("{FAE04EC0-301F-11D3-BF4B-00C04F79EFBC}") = "UnityEngine.TestRunner", "UnityEngine.TestRunner.csproj", "{B92EAB45-4F62-DAB3-3D2F-72AFA91F5CD7}"
EndProject
Project("{FAE04EC0-301F-11D3-BF4B-00C04F79EFBC}") = "UnityEngine.UI", "UnityEngine.UI.csproj", "{2678AE99-3390-B47F-6FB5-1703A5822C15}"
EndProject
Project("{FAE04EC0-301F-11D3-BF4B-00C04F79EFBC}") = "Unity.VisualScripting.Flow", "Unity.VisualScripting.Flow.csproj", "{E6E1E01C-628E-377F-293F-3D44FC5278CB}"
EndProject
Project("{FAE04EC0-301F-11D3-BF4B-00C04F79EFBC}") = "Unity.VisualScripting.State", "Unity.VisualScripting.State.csproj", "{4AD00514-78FB-E9DA-3338-95783A8B3208}"
EndProject
Project("{FAE04EC0-301F-11D3-BF4B-00C04F79EFBC}") = "Unity.VisualScripting.Core", "Unity.VisualScripting.Core.csproj", "{802A5799-A7DE-0993-F5AA-C64060A7AC17}"
EndProject
Project("{FAE04EC0-301F-11D3-BF4B-00C04F79EFBC}") = "Unity.TextMeshPro", "Unity.TextMeshPro.csproj", "{00220C74-BE37-B025-B66A-44DC5D121428}"
EndProject
Project("{FAE04EC0-301F-11D3-BF4B-00C04F79EFBC}") = "Unity.Timeline", "Unity.Timeline.csproj", "{E14FC21B-AA80-60B4-2F26-2898E96DA394}"
EndProject
Project("{FAE04EC0-301F-11D3-BF4B-00C04F79EFBC}") = "Assembly-CSharp", "Assembly-CSharp.csproj", "{1B91EFDE-9B25-2316-2D71-6E972A83EF85}"
EndProject
Project("{FAE04EC0-301F-11D3-BF4B-00C04F79EFBC}") = "Unity.PlasticSCM.Editor", "Unity.PlasticSCM.Editor.csproj", "{74EEDD90-5426-21F6-EA41-44649BA8E9B3}"
EndProject
Project("{FAE04EC0-301F-11D3-BF4B-00C04F79EFBC}") = "Unity.VisualScripting.Core.Editor", "Unity.VisualScripting.Core.Editor.csproj", "{85133588-75B3-1952-33B1-31F184FE274C}"
EndProject
Project("{FAE04EC0-301F-11D3-BF4B-00C04F79EFBC}") = "Unity.VisualScripting.Flow.Editor", "Unity.VisualScripting.Flow.Editor.csproj", "{0F8CE59E-DA9E-B7D7-A72F-689BA3F77A01}"
EndProject
Project("{FAE04EC0-301F-11D3-BF4B-00C04F79EFBC}") = "Unity.VisualStudio.Editor", "Unity.VisualStudio.Editor.csproj", "{7854DCE2-E428-0279-5464-EB35BA070742}"
EndProject
Project("{FAE04EC0-301F-11D3-BF4B-00C04F79EFBC}") = "Unity.Timeline.Editor", "Unity.Timeline.Editor.csproj", "{90348919-6ED2-0380-412A-60A25187DE55}"
EndProject
Project("{FAE04EC0-301F-11D3-BF4B-00C04F79EFBC}") = "Unity.VisualScripting.State.Editor", "Unity.VisualScripting.State.Editor.csproj", "{B0E262DA-ED0B-AA8E-BEC2-6AC21EC5E1FB}"
EndProject
Project("{FAE04EC0-301F-11D3-BF4B-00C04F79EFBC}") = "Unity.TextMeshPro.Editor", "Unity.TextMeshPro.Editor.csproj", "{87E4DA51-9F8C-FABA-7FD0-20716DCB8017}"
EndProject
Project("{FAE04EC0-301F-11D3-BF4B-00C04F79EFBC}") = "Unity.VisualScripting.SettingsProvider.Editor", "Unity.VisualScripting.SettingsProvider.Editor.csproj", "{11150193-F2E3-EFA1-D1C0-DFF9121B705B}"
EndProject
Project("{FAE04EC0-301F-11D3-BF4B-00C04F79EFBC}") = "UnityEditor.TestRunner", "UnityEditor.TestRunner.csproj", "{E12263FB-AE0E-F4CE-F9FC-E5FD13E9FDAE}"
EndProject
Project("{FAE04EC0-301F-11D3-BF4B-00C04F79EFBC}") = "Unity.TestTools.CodeCoverage.Editor", "Unity.TestTools.CodeCoverage.Editor.csproj", "{4C1C5B70-8981-61BE-0551-7B6A07998E2D}"
EndProject
Project("{FAE04EC0-301F-11D3-BF4B-00C04F79EFBC}") = "Unity.Rider.Editor", "Unity.Rider.Editor.csproj", "{717BA5DB-A763-44CE-874E-C2C8EF084365}"
EndProject
Project("{FAE04EC0-301F-11D3-BF4B-00C04F79EFBC}") = "Unity.Performance.Profile-Analyzer.Editor", "Unity.Performance.Profile-Analyzer.Editor.csproj", "{16AAFD10-1286-9A33-5838-CFBFA5192986}"
EndProject
Project("{FAE04EC0-301F-11D3-BF4B-00C04F79EFBC}") = "Unity.VSCode.Editor", "Unity.VSCode.Editor.csproj", "{C4738499-5193-A596-BEC8-20ACCC7B0F4F}"
EndProject
Project("{FAE04EC0-301F-11D3-BF4B-00C04F79EFBC}") = "UnityEditor.UI", "UnityEditor.UI.csproj", "{0077C231-C179-DAE9-A881-397A1F2B31D1}"
EndProject
Project("{FAE04EC0-301F-11D3-BF4B-00C04F79EFBC}") = "Unity.TestTools.CodeCoverage.Editor.OpenCover.Model", "Unity.TestTools.CodeCoverage.Editor.OpenCover.Model.csproj", "{DD8CE5E9-7BD3-A555-9A73-46D0FAD83777}"
EndProject
Project("{FAE04EC0-301F-11D3-BF4B-00C04F79EFBC}") = "Unity.EditorCoroutines.Editor", "Unity.EditorCoroutines.Editor.csproj", "{42150033-C85F-23B2-C8D4-5214D3BD6529}"
EndProject
Project("{FAE04EC0-301F-11D3-BF4B-00C04F79EFBC}") = "Unity.Settings.Editor", "Unity.Settings.Editor.csproj", "{A16B1786-9DE2-9641-2D0B-96AA8F377F3A}"
EndProject
Project("{FAE04EC0-301F-11D3-BF4B-00C04F79EFBC}") = "Unity.CollabProxy.Editor", "Unity.CollabProxy.Editor.csproj", "{0F062637-946E-3AF4-0170-5C35C62C74CD}"
EndProject
Project("{FAE04EC0-301F-11D3-BF4B-00C04F79EFBC}") = "Unity.TestTools.CodeCoverage.Editor.OpenCover.Mono.Reflection", "Unity.TestTools.CodeCoverage.Editor.OpenCover.Mono.Reflection.csproj", "{2015A5A0-DCBB-9B8C-BEAC-3D3955D42B3B}"
EndProject
Project("{FAE04EC0-301F-11D3-BF4B-00C04F79EFBC}") = "Unity.VisualScripting.Shared.Editor", "Unity.VisualScripting.Shared.Editor.csproj", "{DF9D71EE-47B9-C83B-AFB6-F3BC1BAD8F89}"
EndProject
Project("{FAE04EC0-301F-11D3-BF4B-00C04F79EFBC}") = "UnityEngine.TestRunner", "UnityEngine.TestRunner.Player.csproj", "{1B2FD6AD-845D-D43F-F7DC-A1C95ADBC5BB}"
EndProject
Project("{FAE04EC0-301F-11D3-BF4B-00C04F79EFBC}") = "UnityEngine.UI", "UnityEngine.UI.Player.csproj", "{5AAAEA27-B985-AE7B-B82B-4F0AE70C3E94}"
EndProject
Project("{FAE04EC0-301F-11D3-BF4B-00C04F79EFBC}") = "Unity.VisualScripting.Flow", "Unity.VisualScripting.Flow.Player.csproj", "{1FBAC620-1105-1561-B0CE-EFD53DBFA0DB}"
EndProject
Project("{FAE04EC0-301F-11D3-BF4B-00C04F79EFBC}") = "Unity.VisualScripting.State", "Unity.VisualScripting.State.Player.csproj", "{3D736776-3689-9BFC-C3A6-617E4BEDCB7A}"
EndProject
Project("{FAE04EC0-301F-11D3-BF4B-00C04F79EFBC}") = "Unity.VisualScripting.Core", "Unity.VisualScripting.Core.Player.csproj", "{19DA66E4-9D30-9CE5-0EB6-425DC661283D}"
EndProject
Project("{FAE04EC0-301F-11D3-BF4B-00C04F79EFBC}") = "Unity.TextMeshPro", "Unity.TextMeshPro.Player.csproj", "{A007F901-4155-B789-31DD-ADA48BCC6F48}"
EndProject
Project("{FAE04EC0-301F-11D3-BF4B-00C04F79EFBC}") = "Unity.Timeline", "Unity.Timeline.Player.csproj", "{4986CDAB-847B-C0DA-AEE8-A6B4EB28BF18}"
EndProject
Project("{FAE04EC0-301F-11D3-BF4B-00C04F79EFBC}") = "Assembly-CSharp", "Assembly-CSharp.Player.csproj", "{5C1A7575-F09D-F1BB-69F8-57B739D04308}"
EndProject
Global
	GlobalSection(SolutionConfigurationPlatforms) = preSolution
		Debug|Any CPU = Debug|Any CPU
		Release|Any CPU = Release|Any CPU
	EndGlobalSection
	GlobalSection(ProjectConfigurationPlatforms) = postSolution
		{B92EAB45-4F62-DAB3-3D2F-72AFA91F5CD7}.Debug|Any CPU.ActiveCfg = Debug|Any CPU
		{B92EAB45-4F62-DAB3-3D2F-72AFA91F5CD7}.Debug|Any CPU.Build.0 = Debug|Any CPU
		{B92EAB45-4F62-DAB3-3D2F-72AFA91F5CD7}.Release|Any CPU.ActiveCfg = Release|Any CPU
		{B92EAB45-4F62-DAB3-3D2F-72AFA91F5CD7}.Release|Any CPU.Build.0 = Release|Any CPU
		{2678AE99-3390-B47F-6FB5-1703A5822C15}.Debug|Any CPU.ActiveCfg = Debug|Any CPU
		{2678AE99-3390-B47F-6FB5-1703A5822C15}.Debug|Any CPU.Build.0 = Debug|Any CPU
		{2678AE99-3390-B47F-6FB5-1703A5822C15}.Release|Any CPU.ActiveCfg = Release|Any CPU
		{2678AE99-3390-B47F-6FB5-1703A5822C15}.Release|Any CPU.Build.0 = Release|Any CPU
		{E6E1E01C-628E-377F-293F-3D44FC5278CB}.Debug|Any CPU.ActiveCfg = Debug|Any CPU
		{E6E1E01C-628E-377F-293F-3D44FC5278CB}.Debug|Any CPU.Build.0 = Debug|Any CPU
		{E6E1E01C-628E-377F-293F-3D44FC5278CB}.Release|Any CPU.ActiveCfg = Release|Any CPU
		{E6E1E01C-628E-377F-293F-3D44FC5278CB}.Release|Any CPU.Build.0 = Release|Any CPU
		{4AD00514-78FB-E9DA-3338-95783A8B3208}.Debug|Any CPU.ActiveCfg = Debug|Any CPU
		{4AD00514-78FB-E9DA-3338-95783A8B3208}.Debug|Any CPU.Build.0 = Debug|Any CPU
		{4AD00514-78FB-E9DA-3338-95783A8B3208}.Release|Any CPU.ActiveCfg = Release|Any CPU
		{4AD00514-78FB-E9DA-3338-95783A8B3208}.Release|Any CPU.Build.0 = Release|Any CPU
		{802A5799-A7DE-0993-F5AA-C64060A7AC17}.Debug|Any CPU.ActiveCfg = Debug|Any CPU
		{802A5799-A7DE-0993-F5AA-C64060A7AC17}.Debug|Any CPU.Build.0 = Debug|Any CPU
		{802A5799-A7DE-0993-F5AA-C64060A7AC17}.Release|Any CPU.ActiveCfg = Release|Any CPU
		{802A5799-A7DE-0993-F5AA-C64060A7AC17}.Release|Any CPU.Build.0 = Release|Any CPU
		{00220C74-BE37-B025-B66A-44DC5D121428}.Debug|Any CPU.ActiveCfg = Debug|Any CPU
		{00220C74-BE37-B025-B66A-44DC5D121428}.Debug|Any CPU.Build.0 = Debug|Any CPU
		{00220C74-BE37-B025-B66A-44DC5D121428}.Release|Any CPU.ActiveCfg = Release|Any CPU
		{00220C74-BE37-B025-B66A-44DC5D121428}.Release|Any CPU.Build.0 = Release|Any CPU
		{E14FC21B-AA80-60B4-2F26-2898E96DA394}.Debug|Any CPU.ActiveCfg = Debug|Any CPU
		{E14FC21B-AA80-60B4-2F26-2898E96DA394}.Debug|Any CPU.Build.0 = Debug|Any CPU
		{E14FC21B-AA80-60B4-2F26-2898E96DA394}.Release|Any CPU.ActiveCfg = Release|Any CPU
		{E14FC21B-AA80-60B4-2F26-2898E96DA394}.Release|Any CPU.Build.0 = Release|Any CPU
		{1B91EFDE-9B25-2316-2D71-6E972A83EF85}.Debug|Any CPU.ActiveCfg = Debug|Any CPU
		{1B91EFDE-9B25-2316-2D71-6E972A83EF85}.Debug|Any CPU.Build.0 = Debug|Any CPU
		{1B91EFDE-9B25-2316-2D71-6E972A83EF85}.Release|Any CPU.ActiveCfg = Release|Any CPU
		{1B91EFDE-9B25-2316-2D71-6E972A83EF85}.Release|Any CPU.Build.0 = Release|Any CPU
		{74EEDD90-5426-21F6-EA41-44649BA8E9B3}.Debug|Any CPU.ActiveCfg = Debug|Any CPU
		{74EEDD90-5426-21F6-EA41-44649BA8E9B3}.Debug|Any CPU.Build.0 = Debug|Any CPU
		{74EEDD90-5426-21F6-EA41-44649BA8E9B3}.Release|Any CPU.ActiveCfg = Release|Any CPU
		{74EEDD90-5426-21F6-EA41-44649BA8E9B3}.Release|Any CPU.Build.0 = Release|Any CPU
		{85133588-75B3-1952-33B1-31F184FE274C}.Debug|Any CPU.ActiveCfg = Debug|Any CPU
		{85133588-75B3-1952-33B1-31F184FE274C}.Debug|Any CPU.Build.0 = Debug|Any CPU
		{85133588-75B3-1952-33B1-31F184FE274C}.Release|Any CPU.ActiveCfg = Release|Any CPU
		{85133588-75B3-1952-33B1-31F184FE274C}.Release|Any CPU.Build.0 = Release|Any CPU
		{0F8CE59E-DA9E-B7D7-A72F-689BA3F77A01}.Debug|Any CPU.ActiveCfg = Debug|Any CPU
		{0F8CE59E-DA9E-B7D7-A72F-689BA3F77A01}.Debug|Any CPU.Build.0 = Debug|Any CPU
		{0F8CE59E-DA9E-B7D7-A72F-689BA3F77A01}.Release|Any CPU.ActiveCfg = Release|Any CPU
		{0F8CE59E-DA9E-B7D7-A72F-689BA3F77A01}.Release|Any CPU.Build.0 = Release|Any CPU
		{7854DCE2-E428-0279-5464-EB35BA070742}.Debug|Any CPU.ActiveCfg = Debug|Any CPU
		{7854DCE2-E428-0279-5464-EB35BA070742}.Debug|Any CPU.Build.0 = Debug|Any CPU
		{7854DCE2-E428-0279-5464-EB35BA070742}.Release|Any CPU.ActiveCfg = Release|Any CPU
		{7854DCE2-E428-0279-5464-EB35BA070742}.Release|Any CPU.Build.0 = Release|Any CPU
		{90348919-6ED2-0380-412A-60A25187DE55}.Debug|Any CPU.ActiveCfg = Debug|Any CPU
		{90348919-6ED2-0380-412A-60A25187DE55}.Debug|Any CPU.Build.0 = Debug|Any CPU
		{90348919-6ED2-0380-412A-60A25187DE55}.Release|Any CPU.ActiveCfg = Release|Any CPU
		{90348919-6ED2-0380-412A-60A25187DE55}.Release|Any CPU.Build.0 = Release|Any CPU
		{B0E262DA-ED0B-AA8E-BEC2-6AC21EC5E1FB}.Debug|Any CPU.ActiveCfg = Debug|Any CPU
		{B0E262DA-ED0B-AA8E-BEC2-6AC21EC5E1FB}.Debug|Any CPU.Build.0 = Debug|Any CPU
		{B0E262DA-ED0B-AA8E-BEC2-6AC21EC5E1FB}.Release|Any CPU.ActiveCfg = Release|Any CPU
		{B0E262DA-ED0B-AA8E-BEC2-6AC21EC5E1FB}.Release|Any CPU.Build.0 = Release|Any CPU
		{87E4DA51-9F8C-FABA-7FD0-20716DCB8017}.Debug|Any CPU.ActiveCfg = Debug|Any CPU
		{87E4DA51-9F8C-FABA-7FD0-20716DCB8017}.Debug|Any CPU.Build.0 = Debug|Any CPU
		{87E4DA51-9F8C-FABA-7FD0-20716DCB8017}.Release|Any CPU.ActiveCfg = Release|Any CPU
		{87E4DA51-9F8C-FABA-7FD0-20716DCB8017}.Release|Any CPU.Build.0 = Release|Any CPU
		{11150193-F2E3-EFA1-D1C0-DFF9121B705B}.Debug|Any CPU.ActiveCfg = Debug|Any CPU
		{11150193-F2E3-EFA1-D1C0-DFF9121B705B}.Debug|Any CPU.Build.0 = Debug|Any CPU
		{11150193-F2E3-EFA1-D1C0-DFF9121B705B}.Release|Any CPU.ActiveCfg = Release|Any CPU
		{11150193-F2E3-EFA1-D1C0-DFF9121B705B}.Release|Any CPU.Build.0 = Release|Any CPU
		{E12263FB-AE0E-F4CE-F9FC-E5FD13E9FDAE}.Debug|Any CPU.ActiveCfg = Debug|Any CPU
		{E12263FB-AE0E-F4CE-F9FC-E5FD13E9FDAE}.Debug|Any CPU.Build.0 = Debug|Any CPU
		{E12263FB-AE0E-F4CE-F9FC-E5FD13E9FDAE}.Release|Any CPU.ActiveCfg = Release|Any CPU
		{E12263FB-AE0E-F4CE-F9FC-E5FD13E9FDAE}.Release|Any CPU.Build.0 = Release|Any CPU
		{4C1C5B70-8981-61BE-0551-7B6A07998E2D}.Debug|Any CPU.ActiveCfg = Debug|Any CPU
		{4C1C5B70-8981-61BE-0551-7B6A07998E2D}.Debug|Any CPU.Build.0 = Debug|Any CPU
		{4C1C5B70-8981-61BE-0551-7B6A07998E2D}.Release|Any CPU.ActiveCfg = Release|Any CPU
		{4C1C5B70-8981-61BE-0551-7B6A07998E2D}.Release|Any CPU.Build.0 = Release|Any CPU
		{717BA5DB-A763-44CE-874E-C2C8EF084365}.Debug|Any CPU.ActiveCfg = Debug|Any CPU
		{717BA5DB-A763-44CE-874E-C2C8EF084365}.Debug|Any CPU.Build.0 = Debug|Any CPU
		{717BA5DB-A763-44CE-874E-C2C8EF084365}.Release|Any CPU.ActiveCfg = Release|Any CPU
		{717BA5DB-A763-44CE-874E-C2C8EF084365}.Release|Any CPU.Build.0 = Release|Any CPU
		{16AAFD10-1286-9A33-5838-CFBFA5192986}.Debug|Any CPU.ActiveCfg = Debug|Any CPU
		{16AAFD10-1286-9A33-5838-CFBFA5192986}.Debug|Any CPU.Build.0 = Debug|Any CPU
		{16AAFD10-1286-9A33-5838-CFBFA5192986}.Release|Any CPU.ActiveCfg = Release|Any CPU
		{16AAFD10-1286-9A33-5838-CFBFA5192986}.Release|Any CPU.Build.0 = Release|Any CPU
		{C4738499-5193-A596-BEC8-20ACCC7B0F4F}.Debug|Any CPU.ActiveCfg = Debug|Any CPU
		{C4738499-5193-A596-BEC8-20ACCC7B0F4F}.Debug|Any CPU.Build.0 = Debug|Any CPU
		{C4738499-5193-A596-BEC8-20ACCC7B0F4F}.Release|Any CPU.ActiveCfg = Release|Any CPU
		{C4738499-5193-A596-BEC8-20ACCC7B0F4F}.Release|Any CPU.Build.0 = Release|Any CPU
		{0077C231-C179-DAE9-A881-397A1F2B31D1}.Debug|Any CPU.ActiveCfg = Debug|Any CPU
		{0077C231-C179-DAE9-A881-397A1F2B31D1}.Debug|Any CPU.Build.0 = Debug|Any CPU
		{0077C231-C179-DAE9-A881-397A1F2B31D1}.Release|Any CPU.ActiveCfg = Release|Any CPU
		{0077C231-C179-DAE9-A881-397A1F2B31D1}.Release|Any CPU.Build.0 = Release|Any CPU
		{DD8CE5E9-7BD3-A555-9A73-46D0FAD83777}.Debug|Any CPU.ActiveCfg = Debug|Any CPU
		{DD8CE5E9-7BD3-A555-9A73-46D0FAD83777}.Debug|Any CPU.Build.0 = Debug|Any CPU
		{DD8CE5E9-7BD3-A555-9A73-46D0FAD83777}.Release|Any CPU.ActiveCfg = Release|Any CPU
		{DD8CE5E9-7BD3-A555-9A73-46D0FAD83777}.Release|Any CPU.Build.0 = Release|Any CPU
		{42150033-C85F-23B2-C8D4-5214D3BD6529}.Debug|Any CPU.ActiveCfg = Debug|Any CPU
		{42150033-C85F-23B2-C8D4-5214D3BD6529}.Debug|Any CPU.Build.0 = Debug|Any CPU
		{42150033-C85F-23B2-C8D4-5214D3BD6529}.Release|Any CPU.ActiveCfg = Release|Any CPU
		{42150033-C85F-23B2-C8D4-5214D3BD6529}.Release|Any CPU.Build.0 = Release|Any CPU
		{A16B1786-9DE2-9641-2D0B-96AA8F377F3A}.Debug|Any CPU.ActiveCfg = Debug|Any CPU
		{A16B1786-9DE2-9641-2D0B-96AA8F377F3A}.Debug|Any CPU.Build.0 = Debug|Any CPU
		{A16B1786-9DE2-9641-2D0B-96AA8F377F3A}.Release|Any CPU.ActiveCfg = Release|Any CPU
		{A16B1786-9DE2-9641-2D0B-96AA8F377F3A}.Release|Any CPU.Build.0 = Release|Any CPU
		{0F062637-946E-3AF4-0170-5C35C62C74CD}.Debug|Any CPU.ActiveCfg = Debug|Any CPU
		{0F062637-946E-3AF4-0170-5C35C62C74CD}.Debug|Any CPU.Build.0 = Debug|Any CPU
		{0F062637-946E-3AF4-0170-5C35C62C74CD}.Release|Any CPU.ActiveCfg = Release|Any CPU
		{0F062637-946E-3AF4-0170-5C35C62C74CD}.Release|Any CPU.Build.0 = Release|Any CPU
		{2015A5A0-DCBB-9B8C-BEAC-3D3955D42B3B}.Debug|Any CPU.ActiveCfg = Debug|Any CPU
		{2015A5A0-DCBB-9B8C-BEAC-3D3955D42B3B}.Debug|Any CPU.Build.0 = Debug|Any CPU
		{2015A5A0-DCBB-9B8C-BEAC-3D3955D42B3B}.Release|Any CPU.ActiveCfg = Release|Any CPU
		{2015A5A0-DCBB-9B8C-BEAC-3D3955D42B3B}.Release|Any CPU.Build.0 = Release|Any CPU
		{DF9D71EE-47B9-C83B-AFB6-F3BC1BAD8F89}.Debug|Any CPU.ActiveCfg = Debug|Any CPU
		{DF9D71EE-47B9-C83B-AFB6-F3BC1BAD8F89}.Debug|Any CPU.Build.0 = Debug|Any CPU
		{DF9D71EE-47B9-C83B-AFB6-F3BC1BAD8F89}.Release|Any CPU.ActiveCfg = Release|Any CPU
		{DF9D71EE-47B9-C83B-AFB6-F3BC1BAD8F89}.Release|Any CPU.Build.0 = Release|Any CPU
		{1B2FD6AD-845D-D43F-F7DC-A1C95ADBC5BB}.Debug|Any CPU.ActiveCfg = Debug|Any CPU
		{1B2FD6AD-845D-D43F-F7DC-A1C95ADBC5BB}.Debug|Any CPU.Build.0 = Debug|Any CPU
		{1B2FD6AD-845D-D43F-F7DC-A1C95ADBC5BB}.Release|Any CPU.ActiveCfg = Release|Any CPU
		{1B2FD6AD-845D-D43F-F7DC-A1C95ADBC5BB}.Release|Any CPU.Build.0 = Release|Any CPU
		{5AAAEA27-B985-AE7B-B82B-4F0AE70C3E94}.Debug|Any CPU.ActiveCfg = Debug|Any CPU
		{5AAAEA27-B985-AE7B-B82B-4F0AE70C3E94}.Debug|Any CPU.Build.0 = Debug|Any CPU
		{5AAAEA27-B985-AE7B-B82B-4F0AE70C3E94}.Release|Any CPU.ActiveCfg = Release|Any CPU
		{5AAAEA27-B985-AE7B-B82B-4F0AE70C3E94}.Release|Any CPU.Build.0 = Release|Any CPU
		{1FBAC620-1105-1561-B0CE-EFD53DBFA0DB}.Debug|Any CPU.ActiveCfg = Debug|Any CPU
		{1FBAC620-1105-1561-B0CE-EFD53DBFA0DB}.Debug|Any CPU.Build.0 = Debug|Any CPU
		{1FBAC620-1105-1561-B0CE-EFD53DBFA0DB}.Release|Any CPU.ActiveCfg = Release|Any CPU
		{1FBAC620-1105-1561-B0CE-EFD53DBFA0DB}.Release|Any CPU.Build.0 = Release|Any CPU
		{3D736776-3689-9BFC-C3A6-617E4BEDCB7A}.Debug|Any CPU.ActiveCfg = Debug|Any CPU
		{3D736776-3689-9BFC-C3A6-617E4BEDCB7A}.Debug|Any CPU.Build.0 = Debug|Any CPU
		{3D736776-3689-9BFC-C3A6-617E4BEDCB7A}.Release|Any CPU.ActiveCfg = Release|Any CPU
		{3D736776-3689-9BFC-C3A6-617E4BEDCB7A}.Release|Any CPU.Build.0 = Release|Any CPU
		{19DA66E4-9D30-9CE5-0EB6-425DC661283D}.Debug|Any CPU.ActiveCfg = Debug|Any CPU
		{19DA66E4-9D30-9CE5-0EB6-425DC661283D}.Debug|Any CPU.Build.0 = Debug|Any CPU
		{19DA66E4-9D30-9CE5-0EB6-425DC661283D}.Release|Any CPU.ActiveCfg = Release|Any CPU
		{19DA66E4-9D30-9CE5-0EB6-425DC661283D}.Release|Any CPU.Build.0 = Release|Any CPU
		{A007F901-4155-B789-31DD-ADA48BCC6F48}.Debug|Any CPU.ActiveCfg = Debug|Any CPU
		{A007F901-4155-B789-31DD-ADA48BCC6F48}.Debug|Any CPU.Build.0 = Debug|Any CPU
		{A007F901-4155-B789-31DD-ADA48BCC6F48}.Release|Any CPU.ActiveCfg = Release|Any CPU
		{A007F901-4155-B789-31DD-ADA48BCC6F48}.Release|Any CPU.Build.0 = Release|Any CPU
		{4986CDAB-847B-C0DA-AEE8-A6B4EB28BF18}.Debug|Any CPU.ActiveCfg = Debug|Any CPU
		{4986CDAB-847B-C0DA-AEE8-A6B4EB28BF18}.Debug|Any CPU.Build.0 = Debug|Any CPU
		{4986CDAB-847B-C0DA-AEE8-A6B4EB28BF18}.Release|Any CPU.ActiveCfg = Release|Any CPU
		{4986CDAB-847B-C0DA-AEE8-A6B4EB28BF18}.Release|Any CPU.Build.0 = Release|Any CPU
		{5C1A7575-F09D-F1BB-69F8-57B739D04308}.Debug|Any CPU.ActiveCfg = Debug|Any CPU
		{5C1A7575-F09D-F1BB-69F8-57B739D04308}.Debug|Any CPU.Build.0 = Debug|Any CPU
		{5C1A7575-F09D-F1BB-69F8-57B739D04308}.Release|Any CPU.ActiveCfg = Release|Any CPU
		{5C1A7575-F09D-F1BB-69F8-57B739D04308}.Release|Any CPU.Build.0 = Release|Any CPU
	EndGlobalSection
	GlobalSection(SolutionProperties) = preSolution
		HideSolutionNode = FALSE
	EndGlobalSection
EndGlobal
